# This file is autogenerated, do not edit; changes may be undone by the next 'dep ensure'.


[[projects]]
  digest = "1:b520b55fc1146c5b0eea03b07233f7a3d4a9be985c037c91ea6b82ecb81bd521"
  name = "github.com/bitly/go-simplejson"
  packages = ["."]
  pruneopts = "UT"
  revision = "aabad6e819789e569bd6aabf444c935aa9ba1e44"
  version = "v0.5.0"

[[projects]]
  digest = "1:e2394b2d4e76fd2712d69dcc9e326260ee3fca704fdce1b1f5f60bcb97da4c51"
  name = "github.com/zieckey/goini"
  packages = ["."]
  pruneopts = "UT"
  revision = "ef198e44330230cf3989b754eff33c97888f5a26"
  version = "v1.2"

[solve-meta]
  analyzer-name = "dep"
  analyzer-version = 1
  input-imports = [
    "github.com/bitly/go-simplejson",
    "github.com/zieckey/goini",
  ]
  solver-name = "gps-cdcl"
  solver-version = 1
